<?xml version="1.0" encoding="UTF-8" standalone="yes" ?>
<CodeBlocks_project_file>
	<FileVersion major="1" minor="6" />
	<Project>
		<Option title="KaganMapTesting" />
		<Option pch_mode="2" />
		<Option compiler="gcc" />
		<Build>
			<Target title="Debug">
				<Option output="bin/Debug/KaganMapTesting" prefix_auto="1" extension_auto="1" />
				<Option object_output="obj/Debug/" />
				<Option type="1" />
				<Option compiler="gcc" />
				<Compiler>
					<Add option="-g" />
				</Compiler>
			</Target>
			<Target title="Release">
				<Option output="bin/Release/KaganMapTesting" prefix_auto="1" extension_auto="1" />
				<Option object_output="obj/Release/" />
				<Option type="1" />
				<Option compiler="gcc" />
				<Compiler>
					<Add option="-O2" />
				</Compiler>
				<Linker>
					<Add option="-s" />
				</Linker>
			</Target>
		</Build>
		<Compiler>
			<Add option="-Wall" />
		</Compiler>
		<Unit filename="Animation.cpp" />
		<Unit filename="Animation.h" />
		<Unit filename="Camera.cpp" />
		<Unit filename="Camera.h" />
		<Unit filename="Cleanup.cpp" />
		<Unit filename="DMGText.cpp" />
		<Unit filename="DMGText.h" />
		<Unit filename="Enemies.cpp" />
		<Unit filename="Enemies.h" />
		<Unit filename="Entity.cpp" />
		<Unit filename="Entity.h" />
		<Unit filename="FPS.cpp" />
		<Unit filename="GUIBars.h" />
		<Unit filename="Game.cpp" />
		<Unit filename="Game.h" />
		<Unit filename="Includes.h" />
		<Unit filename="LGTexture.cpp" />
		<Unit filename="LGTexture.h" />
		<Unit filename="LoadContent.cpp" />
		<Unit filename="Map.cpp" />
		<Unit filename="Map.h" />
		<Unit filename="Map_GameObjects.cpp" />
		<Unit filename="OnEvent.cpp" />
		<Unit filename="OnInit.cpp" />
		<Unit filename="OnLoop.cpp" />
		<Unit filename="OnRender.cpp" />
		<Unit filename="TILE.cpp" />
		<Unit filename="TILE.h" />
		<Extensions>
			<code_completion />
			<envvars />
			<debugger />
			<lib_finder disable_auto="1" />
		</Extensions>
	</Project>
</CodeBlocks_project_file>
